
Microsoft Visual Studio Solution File, Format Version 12.00
# Visual Studio Version 17
VisualStudioVersion = 17.11.35222.181
MinimumVisualStudioVersion = 10.0.40219.1
Project("{FAE04EC0-301F-11D3-BF4B-00C04F79EFBC}") = "APBD-cw1", "APBD-cw1\APBD-cw1.csproj", "{610FACF4-F832-41B7-85C7-8212FA254E67}"
EndProject
Global
	GlobalSection(SolutionConfigurationPlatforms) = preSolution
		Debug|Any CPU = Debug|Any CPU
		Release|Any CPU = Release|Any CPU
	EndGlobalSection
	GlobalSection(ProjectConfigurationPlatforms) = postSolution
		{610FACF4-F832-41B7-85C7-8212FA254E67}.Debug|Any CPU.ActiveCfg = Debug|Any CPU
		{610FACF4-F832-41B7-85C7-8212FA254E67}.Debug|Any CPU.Build.0 = Debug|Any CPU
		{610FACF4-F832-41B7-85C7-8212FA254E67}.Release|Any CPU.ActiveCfg = Release|Any CPU
		{610FACF4-F832-41B7-85C7-8212FA254E67}.Release|Any CPU.Build.0 = Release|Any CPU
	EndGlobalSection
	GlobalSection(SolutionProperties) = preSolution
		HideSolutionNode = FALSE
	EndGlobalSection
	GlobalSection(ExtensibilityGlobals) = postSolution
		SolutionGuid = {1A40C9EA-5762-41A5-8BC8-D831F04E0FE4}
	EndGlobalSection
EndGlobal
